
Microsoft Visual Studio Solution File, Format Version 12.00
# Visual Studio 2012
Project("{FAE04EC0-301F-11D3-BF4B-00C04F79EFBC}") = "PasswordRegEx", "PasswordRegEx\PasswordRegEx.csproj", "{070585A8-E5E2-4506-BD5A-2B4205E64C3D}"
EndProject
Project("{FAE04EC0-301F-11D3-BF4B-00C04F79EFBC}") = "PasswordRegExTest", "PasswordRegExTest\PasswordRegExTest.csproj", "{781FABED-9ABA-469A-A2C5-748C8C5DB1C7}"
EndProject
Global
	GlobalSection(TeamFoundationVersionControl) = preSolution
		SccNumberOfProjects = 3
		SccEnterpriseProvider = {4CA58AB2-18FA-4F8D-95D4-32DDF27D184C}
		SccTeamFoundationServer = 
		SccLocalPath0 = .
		SccProjectUniqueName1 = PasswordRegEx\\PasswordRegEx.csproj
		SccProjectName1 = PasswordRegEx
		SccLocalPath1 = PasswordRegEx
		SccProjectUniqueName2 = PasswordRegExTest\\PasswordRegExTest.csproj
		SccProjectName2 = PasswordRegExTest
		SccLocalPath2 = PasswordRegExTest
	EndGlobalSection
	GlobalSection(SolutionConfigurationPlatforms) = preSolution
		Debug|Any CPU = Debug|Any CPU
		Release|Any CPU = Release|Any CPU
	EndGlobalSection
	GlobalSection(ProjectConfigurationPlatforms) = postSolution
		{070585A8-E5E2-4506-BD5A-2B4205E64C3D}.Debug|Any CPU.ActiveCfg = Debug|Any CPU
		{070585A8-E5E2-4506-BD5A-2B4205E64C3D}.Debug|Any CPU.Build.0 = Debug|Any CPU
		{070585A8-E5E2-4506-BD5A-2B4205E64C3D}.Release|Any CPU.ActiveCfg = Release|Any CPU
		{070585A8-E5E2-4506-BD5A-2B4205E64C3D}.Release|Any CPU.Build.0 = Release|Any CPU
		{781FABED-9ABA-469A-A2C5-748C8C5DB1C7}.Debug|Any CPU.ActiveCfg = Debug|Any CPU
		{781FABED-9ABA-469A-A2C5-748C8C5DB1C7}.Debug|Any CPU.Build.0 = Debug|Any CPU
		{781FABED-9ABA-469A-A2C5-748C8C5DB1C7}.Release|Any CPU.ActiveCfg = Release|Any CPU
		{781FABED-9ABA-469A-A2C5-748C8C5DB1C7}.Release|Any CPU.Build.0 = Release|Any CPU
	EndGlobalSection
	GlobalSection(SolutionProperties) = preSolution
		HideSolutionNode = FALSE
	EndGlobalSection
EndGlobal
